// !$*UTF8*$!
{
	archiveVersion = 1;
	classes = {
	};
	objectVersion = 50;
	objects = {

/* Begin PBXBuildFile section */
		851F01E822B82A5400B32D2A /* AppDelegate.swift in Sources */ = {isa = PBXBuildFile; fileRef = 851F01E722B82A5400B32D2A /* AppDelegate.swift */; };
		851F01ED22B82A5400B32D2A /* Main.storyboard in Resources */ = {isa = PBXBuildFile; fileRef = 851F01EB22B82A5400B32D2A /* Main.storyboard */; };
		851F01EF22B82A5500B32D2A /* Assets.xcassets in Resources */ = {isa = PBXBuildFile; fileRef = 851F01EE22B82A5500B32D2A /* Assets.xcassets */; };
		851F01F222B82A5500B32D2A /* LaunchScreen.storyboard in Resources */ = {isa = PBXBuildFile; fileRef = 851F01F022B82A5500B32D2A /* LaunchScreen.storyboard */; };
		851F020022B82FB200B32D2A /* AlarmListTableViewController.swift in Sources */ = {isa = PBXBuildFile; fileRef = 851F01FF22B82FB200B32D2A /* AlarmListTableViewController.swift */; };
		851F020222B8310B00B32D2A /* AlarmDetailTableViewController.swift in Sources */ = {isa = PBXBuildFile; fileRef = 851F020122B8310B00B32D2A /* AlarmDetailTableViewController.swift */; };
		851F020422B8315200B32D2A /* SwitchTableViewCell.swift in Sources */ = {isa = PBXBuildFile; fileRef = 851F020322B8315200B32D2A /* SwitchTableViewCell.swift */; };
		851F020622B83A8F00B32D2A /* Alarm.swift in Sources */ = {isa = PBXBuildFile; fileRef = 851F020522B83A8F00B32D2A /* Alarm.swift */; };
		851F020822B83D2100B32D2A /* AlarmController.swift in Sources */ = {isa = PBXBuildFile; fileRef = 851F020722B83D2100B32D2A /* AlarmController.swift */; };
/* End PBXBuildFile section */

/* Begin PBXFileReference section */
		851F01E422B82A5400B32D2A /* My Alarm.app */ = {isa = PBXFileReference; explicitFileType = wrapper.application; includeInIndex = 0; path = "My Alarm.app"; sourceTree = BUILT_PRODUCTS_DIR; };
		851F01E722B82A5400B32D2A /* AppDelegate.swift */ = {isa = PBXFileReference; lastKnownFileType = sourcecode.swift; path = AppDelegate.swift; sourceTree = "<group>"; };
		851F01EC22B82A5400B32D2A /* Base */ = {isa = PBXFileReference; lastKnownFileType = file.storyboard; name = Base; path = Base.lproj/Main.storyboard; sourceTree = "<group>"; };
		851F01EE22B82A5500B32D2A /* Assets.xcassets */ = {isa = PBXFileReference; lastKnownFileType = folder.assetcatalog; path = Assets.xcassets; sourceTree = "<group>"; };
		851F01F122B82A5500B32D2A /* Base */ = {isa = PBXFileReference; lastKnownFileType = file.storyboard; name = Base; path = Base.lproj/LaunchScreen.storyboard; sourceTree = "<group>"; };
		851F01F322B82A5500B32D2A /* Info.plist */ = {isa = PBXFileReference; lastKnownFileType = text.plist.xml; path = Info.plist; sourceTree = "<group>"; };
		851F01FF22B82FB200B32D2A /* AlarmListTableViewController.swift */ = {isa = PBXFileReference; lastKnownFileType = sourcecode.swift; path = AlarmListTableViewController.swift; sourceTree = "<group>"; };
		851F020122B8310B00B32D2A /* AlarmDetailTableViewController.swift */ = {isa = PBXFileReference; lastKnownFileType = sourcecode.swift; path = AlarmDetailTableViewController.swift; sourceTree = "<group>"; };
		851F020322B8315200B32D2A /* SwitchTableViewCell.swift */ = {isa = PBXFileReference; lastKnownFileType = sourcecode.swift; path = SwitchTableViewCell.swift; sourceTree = "<group>"; };
		851F020522B83A8F00B32D2A /* Alarm.swift */ = {isa = PBXFileReference; lastKnownFileType = sourcecode.swift; path = Alarm.swift; sourceTree = "<group>"; };
		851F020722B83D2100B32D2A /* AlarmController.swift */ = {isa = PBXFileReference; lastKnownFileType = sourcecode.swift; path = AlarmController.swift; sourceTree = "<group>"; };
/* End PBXFileReference section */

/* Begin PBXFrameworksBuildPhase section */
		851F01E122B82A5400B32D2A /* Frameworks */ = {
			isa = PBXFrameworksBuildPhase;
			buildActionMask = 2147483647;
			files = (
			);
			runOnlyForDeploymentPostprocessing = 0;
		};
/* End PBXFrameworksBuildPhase section */

/* Begin PBXGroup section */
		851F01DB22B82A5300B32D2A = {
			isa = PBXGroup;
			children = (
				851F01E622B82A5400B32D2A /* My Alarm */,
				851F01E522B82A5400B32D2A /* Products */,
			);
			sourceTree = "<group>";
		};
		851F01E522B82A5400B32D2A /* Products */ = {
			isa = PBXGroup;
			children = (
				851F01E422B82A5400B32D2A /* My Alarm.app */,
			);
			name = Products;
			sourceTree = "<group>";
		};
		851F01E622B82A5400B32D2A /* My Alarm */ = {
			isa = PBXGroup;
			children = (
				851F01FE22B82E2200B32D2A /* Models */,
				851F01FA22B82DF900B32D2A /* Views */,
				851F01FB22B82E0600B32D2A /* Controllers */,
				851F01F922B82DF000B32D2A /* Resources */,
			);
			path = "My Alarm";
			sourceTree = "<group>";
		};
		851F01F922B82DF000B32D2A /* Resources */ = {
			isa = PBXGroup;
			children = (
				851F01E722B82A5400B32D2A /* AppDelegate.swift */,
				851F01EE22B82A5500B32D2A /* Assets.xcassets */,
				851F01F022B82A5500B32D2A /* LaunchScreen.storyboard */,
				851F01F322B82A5500B32D2A /* Info.plist */,
			);
			path = Resources;
			sourceTree = "<group>";
		};
		851F01FA22B82DF900B32D2A /* Views */ = {
			isa = PBXGroup;
			children = (
				851F01EB22B82A5400B32D2A /* Main.storyboard */,
			);
			path = Views;
			sourceTree = "<group>";
		};
		851F01FB22B82E0600B32D2A /* Controllers */ = {
			isa = PBXGroup;
			children = (
				851F01FD22B82E1900B32D2A /* Model Controllers */,
				851F01FC22B82E1200B32D2A /* View Controllers */,
			);
			name = Controllers;
			sourceTree = "<group>";
		};
		851F01FC22B82E1200B32D2A /* View Controllers */ = {
			isa = PBXGroup;
			children = (
				851F01FF22B82FB200B32D2A /* AlarmListTableViewController.swift */,
				851F020122B8310B00B32D2A /* AlarmDetailTableViewController.swift */,
				851F020322B8315200B32D2A /* SwitchTableViewCell.swift */,
			);
			name = "View Controllers";
			sourceTree = "<group>";
		};
		851F01FD22B82E1900B32D2A /* Model Controllers */ = {
			isa = PBXGroup;
			children = (
				851F020722B83D2100B32D2A /* AlarmController.swift */,
			);
			name = "Model Controllers";
			sourceTree = "<group>";
		};
		851F01FE22B82E2200B32D2A /* Models */ = {
			isa = PBXGroup;
			children = (
				851F020522B83A8F00B32D2A /* Alarm.swift */,
			);
			path = Models;
			sourceTree = "<group>";
		};
/* End PBXGroup section */

/* Begin PBXNativeTarget section */
		851F01E322B82A5400B32D2A /* My Alarm */ = {
			isa = PBXNativeTarget;
			buildConfigurationList = 851F01F622B82A5500B32D2A /* Build configuration list for PBXNativeTarget "My Alarm" */;
			buildPhases = (
				851F01E022B82A5400B32D2A /* Sources */,
				851F01E122B82A5400B32D2A /* Frameworks */,
				851F01E222B82A5400B32D2A /* Resources */,
			);
			buildRules = (
			);
			dependencies = (
			);
			name = "My Alarm";
			productName = "My Alarm";
			productReference = 851F01E422B82A5400B32D2A /* My Alarm.app */;
			productType = "com.apple.product-type.application";
		};
/* End PBXNativeTarget section */

/* Begin PBXProject section */
		851F01DC22B82A5300B32D2A /* Project object */ = {
			isa = PBXProject;
			attributes = {
				LastSwiftUpdateCheck = 1020;
				LastUpgradeCheck = 1020;
				ORGANIZATIONNAME = "Timothy Rosenvall";
				TargetAttributes = {
					851F01E322B82A5400B32D2A = {
						CreatedOnToolsVersion = 10.2.1;
					};
				};
			};
			buildConfigurationList = 851F01DF22B82A5300B32D2A /* Build configuration list for PBXProject "My Alarm" */;
			compatibilityVersion = "Xcode 9.3";
			developmentRegion = en;
			hasScannedForEncodings = 0;
			knownRegions = (
				en,
				Base,
			);
			mainGroup = 851F01DB22B82A5300B32D2A;
			productRefGroup = 851F01E522B82A5400B32D2A /* Products */;
			projectDirPath = "";
			projectRoot = "";
			targets = (
				851F01E322B82A5400B32D2A /* My Alarm */,
			);
		};
/* End PBXProject section */

/* Begin PBXResourcesBuildPhase section */
		851F01E222B82A5400B32D2A /* Resources */ = {
			isa = PBXResourcesBuildPhase;
			buildActionMask = 2147483647;
			files = (
				851F01F222B82A5500B32D2A /* LaunchScreen.storyboard in Resources */,
				851F01EF22B82A5500B32D2A /* Assets.xcassets in Resources */,
				851F01ED22B82A5400B32D2A /* Main.storyboard in Resources */,
			);
			runOnlyForDeploymentPostprocessing = 0;
		};
/* End PBXResourcesBuildPhase section */

/* Begin PBXSourcesBuildPhase section */
		851F01E022B82A5400B32D2A /* Sources */ = {
			isa = PBXSourcesBuildPhase;
			buildActionMask = 2147483647;
			files = (
				851F020222B8310B00B32D2A /* AlarmDetailTableViewController.swift in Sources */,
				851F020422B8315200B32D2A /* SwitchTableViewCell.swift in Sources */,
				851F020622B83A8F00B32D2A /* Alarm.swift in Sources */,
				851F01E822B82A5400B32D2A /* AppDelegate.swift in Sources */,
				851F020022B82FB200B32D2A /* AlarmListTableViewController.swift in Sources */,
				851F020822B83D2100B32D2A /* AlarmController.swift in Sources */,
			);
			runOnlyForDeploymentPostprocessing = 0;
		};
/* End PBXSourcesBuildPhase section */

/* Begin PBXVariantGroup section */
		851F01EB22B82A5400B32D2A /* Main.storyboard */ = {
			isa = PBXVariantGroup;
			children = (
				851F01EC22B82A5400B32D2A /* Base */,
			);
			name = Main.storyboard;
			sourceTree = "<group>";
		};
		851F01F022B82A5500B32D2A /* LaunchScreen.storyboard */ = {
			isa = PBXVariantGroup;
			children = (
				851F01F122B82A5500B32D2A /* Base */,
			);
			name = LaunchScreen.storyboard;
			sourceTree = "<group>";
		};
/* End PBXVariantGroup section */

/* Begin XCBuildConfiguration section */
		851F01F422B82A5500B32D2A /* Debug */ = {
			isa = XCBuildConfiguration;
			buildSettings = {
				ALWAYS_SEARCH_USER_PATHS = NO;
				CLANG_ANALYZER_NONNULL = YES;
				CLANG_ANALYZER_NUMBER_OBJECT_CONVERSION = YES_AGGRESSIVE;
				CLANG_CXX_LANGUAGE_STANDARD = "gnu++14";
				CLANG_CXX_LIBRARY = "libc++";
				CLANG_ENABLE_MODULES = YES;
				CLANG_ENABLE_OBJC_ARC = YES;
				CLANG_ENABLE_OBJC_WEAK = YES;
				CLANG_WARN_BLOCK_CAPTURE_AUTORELEASING = YES;
				CLANG_WARN_BOOL_CONVERSION = YES;
				CLANG_WARN_COMMA = YES;
				CLANG_WARN_CONSTANT_CONVERSION = YES;
				CLANG_WARN_DEPRECATED_OBJC_IMPLEMENTATIONS = YES;
				CLANG_WARN_DIRECT_OBJC_ISA_USAGE = YES_ERROR;
				CLANG_WARN_DOCUMENTATION_COMMENTS = YES;
				CLANG_WARN_EMPTY_BODY = YES;
				CLANG_WARN_ENUM_CONVERSION = YES;
				CLANG_WARN_INFINITE_RECURSION = YES;
				CLANG_WARN_INT_CONVERSION = YES;
				CLANG_WARN_NON_LITERAL_NULL_CONVERSION = YES;
				CLANG_WARN_OBJC_IMPLICIT_RETAIN_SELF = YES;
				CLANG_WARN_OBJC_LITERAL_CONVERSION = YES;
				CLANG_WARN_OBJC_ROOT_CLASS = YES_ERROR;
				CLANG_WARN_RANGE_LOOP_ANALYSIS = YES;
				CLANG_WARN_STRICT_PROTOTYPES = YES;
				CLANG_WARN_SUSPICIOUS_MOVE = YES;
				CLANG_WARN_UNGUARDED_AVAILABILITY = YES_AGGRESSIVE;
				CLANG_WARN_UNREACHABLE_CODE = YES;
				CLANG_WARN__DUPLICATE_METHOD_MATCH = YES;
				CODE_SIGN_IDENTITY = "iPhone Developer";
				COPY_PHASE_STRIP = NO;
				DEBUG_INFORMATION_FORMAT = dwarf;
				ENABLE_STRICT_OBJC_MSGSEND = YES;
				ENABLE_TESTABILITY = YES;
				GCC_C_LANGUAGE_STANDARD = gnu11;
				GCC_DYNAMIC_NO_PIC = NO;
				GCC_NO_COMMON_BLOCKS = YES;
				GCC_OPTIMIZATION_LEVEL = 0;
				GCC_PREPROCESSOR_DEFINITIONS = (
					"DEBUG=1",
					"$(inherited)",
				);
				GCC_WARN_64_TO_32_BIT_CONVERSION = YES;
				GCC_WARN_ABOUT_RETURN_TYPE = YES_ERROR;
				GCC_WARN_UNDECLARED_SELECTOR = YES;
				GCC_WARN_UNINITIALIZED_AUTOS = YES_AGGRESSIVE;
				GCC_WARN_UNUSED_FUNCTION = YES;
				GCC_WARN_UNUSED_VARIABLE = YES;
				IPHONEOS_DEPLOYMENT_TARGET = 12.2;
				MTL_ENABLE_DEBUG_INFO = INCLUDE_SOURCE;
				MTL_FAST_MATH = YES;
				ONLY_ACTIVE_ARCH = YES;
				SDKROOT = iphoneos;
				SWIFT_ACTIVE_COMPILATION_CONDITIONS = DEBUG;
				SWIFT_OPTIMIZATION_LEVEL = "-Onone";
			};
			name = Debug;
		};
		851F01F522B82A5500B32D2A /* Release */ = {
			isa = XCBuildConfiguration;
			buildSettings = {
				ALWAYS_SEARCH_USER_PATHS = NO;
				CLANG_ANALYZER_NONNULL = YES;
				CLANG_ANALYZER_NUMBER_OBJECT_CONVERSION = YES_AGGRESSIVE;
				CLANG_CXX_LANGUAGE_STANDARD = "gnu++14";
				CLANG_CXX_LIBRARY = "libc++";
				CLANG_ENABLE_MODULES = YES;
				CLANG_ENABLE_OBJC_ARC = YES;
				CLANG_ENABLE_OBJC_WEAK = YES;
				CLANG_WARN_BLOCK_CAPTURE_AUTORELEASING = YES;
				CLANG_WARN_BOOL_CONVERSION = YES;
				CLANG_WARN_COMMA = YES;
				CLANG_WARN_CONSTANT_CONVERSION = YES;
				CLANG_WARN_DEPRECATED_OBJC_IMPLEMENTATIONS = YES;
				CLANG_WARN_DIRECT_OBJC_ISA_USAGE = YES_ERROR;
				CLANG_WARN_DOCUMENTATION_COMMENTS = YES;
				CLANG_WARN_EMPTY_BODY = YES;
				CLANG_WARN_ENUM_CONVERSION = YES;
				CLANG_WARN_INFINITE_RECURSION = YES;
				CLANG_WARN_INT_CONVERSION = YES;
				CLANG_WARN_NON_LITERAL_NULL_CONVERSION = YES;
				CLANG_WARN_OBJC_IMPLICIT_RETAIN_SELF = YES;
				CLANG_WARN_OBJC_LITERAL_CONVERSION = YES;
				CLANG_WARN_OBJC_ROOT_CLASS = YES_ERROR;
				CLANG_WARN_RANGE_LOOP_ANALYSIS = YES;
				CLANG_WARN_STRICT_PROTOTYPES = YES;
				CLANG_WARN_SUSPICIOUS_MOVE = YES;
				CLANG_WARN_UNGUARDED_AVAILABILITY = YES_AGGRESSIVE;
				CLANG_WARN_UNREACHABLE_CODE = YES;
				CLANG_WARN__DUPLICATE_METHOD_MATCH = YES;
				CODE_SIGN_IDENTITY = "iPhone Developer";
				COPY_PHASE_STRIP = NO;
				DEBUG_INFORMATION_FORMAT = "dwarf-with-dsym";
				ENABLE_NS_ASSERTIONS = NO;
				ENABLE_STRICT_OBJC_MSGSEND = YES;
				GCC_C_LANGUAGE_STANDARD = gnu11;
				GCC_NO_COMMON_BLOCKS = YES;
				GCC_WARN_64_TO_32_BIT_CONVERSION = YES;
				GCC_WARN_ABOUT_RETURN_TYPE = YES_ERROR;
				GCC_WARN_UNDECLARED_SELECTOR = YES;
				GCC_WARN_UNINITIALIZED_AUTOS = YES_AGGRESSIVE;
				GCC_WARN_UNUSED_FUNCTION = YES;
				GCC_WARN_UNUSED_VARIABLE = YES;
				IPHONEOS_DEPLOYMENT_TARGET = 12.2;
				MTL_ENABLE_DEBUG_INFO = NO;
				MTL_FAST_MATH = YES;
				SDKROOT = iphoneos;
				SWIFT_COMPILATION_MODE = wholemodule;
				SWIFT_OPTIMIZATION_LEVEL = "-O";
				VALIDATE_PRODUCT = YES;
			};
			name = Release;
		};
		851F01F722B82A5500B32D2A /* Debug */ = {
			isa = XCBuildConfiguration;
			buildSettings = {
				ASSETCATALOG_COMPILER_APPICON_NAME = AppIcon;
				CODE_SIGN_STYLE = Automatic;
				DEVELOPMENT_TEAM = YY8J3FPYX8;
				INFOPLIST_FILE = "$(SRCROOT)/My Alarm/Resources/Info.plist";
				LD_RUNPATH_SEARCH_PATHS = (
					"$(inherited)",
					"@executable_path/Frameworks",
				);
				PRODUCT_BUNDLE_IDENTIFIER = "TAR.My-Alarm";
				PRODUCT_NAME = "$(TARGET_NAME)";
				SWIFT_VERSION = 5.0;
				TARGETED_DEVICE_FAMILY = "1,2";
			};
			name = Debug;
		};
		851F01F822B82A5500B32D2A /* Release */ = {
			isa = XCBuildConfiguration;
			buildSettings = {
				ASSETCATALOG_COMPILER_APPICON_NAME = AppIcon;
				CODE_SIGN_STYLE = Automatic;
				DEVELOPMENT_TEAM = YY8J3FPYX8;
				INFOPLIST_FILE = "$(SRCROOT)/My Alarm/Resources/Info.plist";
				LD_RUNPATH_SEARCH_PATHS = (
					"$(inherited)",
					"@executable_path/Frameworks",
				);
				PRODUCT_BUNDLE_IDENTIFIER = "TAR.My-Alarm";
				PRODUCT_NAME = "$(TARGET_NAME)";
				SWIFT_VERSION = 5.0;
				TARGETED_DEVICE_FAMILY = "1,2";
			};
			name = Release;
		};
/* End XCBuildConfiguration section */

/* Begin XCConfigurationList section */
		851F01DF22B82A5300B32D2A /* Build configuration list for PBXProject "My Alarm" */ = {
			isa = XCConfigurationList;
			buildConfigurations = (
				851F01F422B82A5500B32D2A /* Debug */,
				851F01F522B82A5500B32D2A /* Release */,
			);
			defaultConfigurationIsVisible = 0;
			defaultConfigurationName = Release;
		};
		851F01F622B82A5500B32D2A /* Build configuration list for PBXNativeTarget "My Alarm" */ = {
			isa = XCConfigurationList;
			buildConfigurations = (
				851F01F722B82A5500B32D2A /* Debug */,
				851F01F822B82A5500B32D2A /* Release */,
			);
			defaultConfigurationIsVisible = 0;
			defaultConfigurationName = Release;
		};
/* End XCConfigurationList section */
	};
	rootObject = 851F01DC22B82A5300B32D2A /* Project object */;
}
